
Microsoft Visual Studio Solution File, Format Version 12.00
# Visual Studio Version 17
VisualStudioVersion = 17.8.34316.72
MinimumVisualStudioVersion = 10.0.40219.1
Project("{9A19103F-16F7-4668-BE54-9A1E7A4F7556}") = "ReviewApp.ReviewTaskApi", "ReviewApp.ReviewTaskApi\ReviewApp.ReviewTaskApi.csproj", "{C9ED18ED-2B43-4699-B338-0BFB13DE2256}"
EndProject
Project("{9A19103F-16F7-4668-BE54-9A1E7A4F7556}") = "ReviewApp.Data", "ReviewApp.Data\ReviewApp.Data.csproj", "{3BCE5F8A-40CC-41E9-A904-0A625B1F392E}"
EndProject
Project("{9A19103F-16F7-4668-BE54-9A1E7A4F7556}") = "ReviewApp.Repositories", "ReviewApp.Repositories\ReviewApp.Repositories.csproj", "{0F2C510B-4DBE-4021-B26B-C410E58775B7}"
EndProject
Project("{9A19103F-16F7-4668-BE54-9A1E7A4F7556}") = "ReviewApp.Model", "ReviewApp.Model\ReviewApp.Model.csproj", "{EB06F669-156D-4F6E-AD5C-E29EA6183890}"
EndProject
Project("{9A19103F-16F7-4668-BE54-9A1E7A4F7556}") = "ReviewApp.IRepositories", "ReviewApp.IRepositories\ReviewApp.IRepositories.csproj", "{A6935D6F-D8D6-4DD4-9C34-2E4318101C6A}"
EndProject
Project("{9A19103F-16F7-4668-BE54-9A1E7A4F7556}") = "ReviewApp.IServices", "ReviewApp.IServices\ReviewApp.IServices.csproj", "{6BA460A2-0540-49A7-A617-643D2E0B5605}"
EndProject
Project("{9A19103F-16F7-4668-BE54-9A1E7A4F7556}") = "ReviewApp.DTO", "ReviewApp.DTO\ReviewApp.DTO.csproj", "{A4DF2E6E-0D48-4E57-B7D4-320F37E89099}"
EndProject
Project("{9A19103F-16F7-4668-BE54-9A1E7A4F7556}") = "ReviewApp.Services", "ReviewApp.Services\ReviewApp.Services.csproj", "{7CBA70AE-1DDA-4BCF-A089-375BAD30157C}"
EndProject
Project("{9A19103F-16F7-4668-BE54-9A1E7A4F7556}") = "ReviewApp.UnitTest", "ReviewApp.UnitTest\ReviewApp.UnitTest.csproj", "{149EA629-E015-453E-979E-AA434B683CFE}"
EndProject
Project("{FAE04EC0-301F-11D3-BF4B-00C04F79EFBC}") = "ReviewApp.ErrorHandling", "ReviewApp.ErrorHandling\ReviewApp.ErrorHandling.csproj", "{FE76CF4D-77D8-4D34-BC0F-072D94024FC5}"
EndProject
Global
	GlobalSection(SolutionConfigurationPlatforms) = preSolution
		Debug|Any CPU = Debug|Any CPU
		Release|Any CPU = Release|Any CPU
	EndGlobalSection
	GlobalSection(ProjectConfigurationPlatforms) = postSolution
		{C9ED18ED-2B43-4699-B338-0BFB13DE2256}.Debug|Any CPU.ActiveCfg = Debug|Any CPU
		{C9ED18ED-2B43-4699-B338-0BFB13DE2256}.Debug|Any CPU.Build.0 = Debug|Any CPU
		{C9ED18ED-2B43-4699-B338-0BFB13DE2256}.Release|Any CPU.ActiveCfg = Release|Any CPU
		{C9ED18ED-2B43-4699-B338-0BFB13DE2256}.Release|Any CPU.Build.0 = Release|Any CPU
		{3BCE5F8A-40CC-41E9-A904-0A625B1F392E}.Debug|Any CPU.ActiveCfg = Debug|Any CPU
		{3BCE5F8A-40CC-41E9-A904-0A625B1F392E}.Debug|Any CPU.Build.0 = Debug|Any CPU
		{3BCE5F8A-40CC-41E9-A904-0A625B1F392E}.Release|Any CPU.ActiveCfg = Release|Any CPU
		{3BCE5F8A-40CC-41E9-A904-0A625B1F392E}.Release|Any CPU.Build.0 = Release|Any CPU
		{0F2C510B-4DBE-4021-B26B-C410E58775B7}.Debug|Any CPU.ActiveCfg = Debug|Any CPU
		{0F2C510B-4DBE-4021-B26B-C410E58775B7}.Debug|Any CPU.Build.0 = Debug|Any CPU
		{0F2C510B-4DBE-4021-B26B-C410E58775B7}.Release|Any CPU.ActiveCfg = Release|Any CPU
		{0F2C510B-4DBE-4021-B26B-C410E58775B7}.Release|Any CPU.Build.0 = Release|Any CPU
		{EB06F669-156D-4F6E-AD5C-E29EA6183890}.Debug|Any CPU.ActiveCfg = Debug|Any CPU
		{EB06F669-156D-4F6E-AD5C-E29EA6183890}.Debug|Any CPU.Build.0 = Debug|Any CPU
		{EB06F669-156D-4F6E-AD5C-E29EA6183890}.Release|Any CPU.ActiveCfg = Release|Any CPU
		{EB06F669-156D-4F6E-AD5C-E29EA6183890}.Release|Any CPU.Build.0 = Release|Any CPU
		{A6935D6F-D8D6-4DD4-9C34-2E4318101C6A}.Debug|Any CPU.ActiveCfg = Debug|Any CPU
		{A6935D6F-D8D6-4DD4-9C34-2E4318101C6A}.Debug|Any CPU.Build.0 = Debug|Any CPU
		{A6935D6F-D8D6-4DD4-9C34-2E4318101C6A}.Release|Any CPU.ActiveCfg = Release|Any CPU
		{A6935D6F-D8D6-4DD4-9C34-2E4318101C6A}.Release|Any CPU.Build.0 = Release|Any CPU
		{6BA460A2-0540-49A7-A617-643D2E0B5605}.Debug|Any CPU.ActiveCfg = Debug|Any CPU
		{6BA460A2-0540-49A7-A617-643D2E0B5605}.Debug|Any CPU.Build.0 = Debug|Any CPU
		{6BA460A2-0540-49A7-A617-643D2E0B5605}.Release|Any CPU.ActiveCfg = Release|Any CPU
		{6BA460A2-0540-49A7-A617-643D2E0B5605}.Release|Any CPU.Build.0 = Release|Any CPU
		{A4DF2E6E-0D48-4E57-B7D4-320F37E89099}.Debug|Any CPU.ActiveCfg = Debug|Any CPU
		{A4DF2E6E-0D48-4E57-B7D4-320F37E89099}.Debug|Any CPU.Build.0 = Debug|Any CPU
		{A4DF2E6E-0D48-4E57-B7D4-320F37E89099}.Release|Any CPU.ActiveCfg = Release|Any CPU
		{A4DF2E6E-0D48-4E57-B7D4-320F37E89099}.Release|Any CPU.Build.0 = Release|Any CPU
		{7CBA70AE-1DDA-4BCF-A089-375BAD30157C}.Debug|Any CPU.ActiveCfg = Debug|Any CPU
		{7CBA70AE-1DDA-4BCF-A089-375BAD30157C}.Debug|Any CPU.Build.0 = Debug|Any CPU
		{7CBA70AE-1DDA-4BCF-A089-375BAD30157C}.Release|Any CPU.ActiveCfg = Release|Any CPU
		{7CBA70AE-1DDA-4BCF-A089-375BAD30157C}.Release|Any CPU.Build.0 = Release|Any CPU
		{149EA629-E015-453E-979E-AA434B683CFE}.Debug|Any CPU.ActiveCfg = Debug|Any CPU
		{149EA629-E015-453E-979E-AA434B683CFE}.Debug|Any CPU.Build.0 = Debug|Any CPU
		{149EA629-E015-453E-979E-AA434B683CFE}.Release|Any CPU.ActiveCfg = Release|Any CPU
		{149EA629-E015-453E-979E-AA434B683CFE}.Release|Any CPU.Build.0 = Release|Any CPU
		{FE76CF4D-77D8-4D34-BC0F-072D94024FC5}.Debug|Any CPU.ActiveCfg = Debug|Any CPU
		{FE76CF4D-77D8-4D34-BC0F-072D94024FC5}.Debug|Any CPU.Build.0 = Debug|Any CPU
		{FE76CF4D-77D8-4D34-BC0F-072D94024FC5}.Release|Any CPU.ActiveCfg = Release|Any CPU
		{FE76CF4D-77D8-4D34-BC0F-072D94024FC5}.Release|Any CPU.Build.0 = Release|Any CPU
	EndGlobalSection
	GlobalSection(SolutionProperties) = preSolution
		HideSolutionNode = FALSE
	EndGlobalSection
	GlobalSection(ExtensibilityGlobals) = postSolution
		SolutionGuid = {9853C3CA-81BF-43AF-AC4B-49893B5A5208}
	EndGlobalSection
EndGlobal
